{
  "originHash" : "fbfcacb80234eb4027f01a061ab7a95b621ff12aae9628dde6e49b874abc335c",
  "pins" : [
    {
      "identity" : "ragnarok-lua",
      "kind" : "remoteSourceControl",
      "location" : "https://github.com/arkadeleon/ragnarok-lua.git",
      "state" : {
        "branch" : "master",
        "revision" : "a6d151840d8c0610e4cfff19d6fe349dbdebcdb8"
      }
    },
    {
      "identity" : "swift-argument-parser",
      "kind" : "remoteSourceControl",
      "location" : "https://github.com/apple/swift-argument-parser.git",
      "state" : {
        "revision" : "6a52f3251125d74daf04fcbd5e6f08a75d074382",
        "version" : "1.8.2"
      }
    }
  ],
  "version" : 3
}
