{
  "originHash" : "9a95ddf24c4f3e8b409e6b99727a52d73cd11b453cdff4b2947d431aa5a41904",
  "pins" : [
    {
      "identity" : "ragnarok-lua",
      "kind" : "remoteSourceControl",
      "location" : "https://github.com/arkadeleon/ragnarok-lua.git",
      "state" : {
        "branch" : "master",
        "revision" : "4b8774e9999e30c46cb36f950024ebcc89e2de2d"
      }
    },
    {
      "identity" : "swift-argument-parser",
      "kind" : "remoteSourceControl",
      "location" : "https://github.com/apple/swift-argument-parser.git",
      "state" : {
        "revision" : "6a52f3251125d74daf04fcbd5e6f08a75d074382",
        "version" : "1.8.2"
      }
    }
  ],
  "version" : 3
}
